
Microsoft Visual Studio Solution File, Format Version 12.00
# Visual Studio Version 17
VisualStudioVersion = 17.5.002.0
MinimumVisualStudioVersion = 10.0.40219.1
Project("{9A19103F-16F7-4668-BE54-9A1E7A4F7556}") = "SwanCity", "SwanCity.csproj", "{D7045641-B33E-488C-B7AC-827BF262C21C}"
EndProject
Global
	GlobalSection(SolutionConfigurationPlatforms) = preSolution
		Debug|Any CPU = Debug|Any CPU
		Release|Any CPU = Release|Any CPU
	EndGlobalSection
	GlobalSection(ProjectConfigurationPlatforms) = postSolution
		{D7045641-B33E-488C-B7AC-827BF262C21C}.Debug|Any CPU.ActiveCfg = Debug|Any CPU
		{D7045641-B33E-488C-B7AC-827BF262C21C}.Debug|Any CPU.Build.0 = Debug|Any CPU
		{D7045641-B33E-488C-B7AC-827BF262C21C}.Debug|Any CPU.Deploy.0 = Debug|Any CPU
		{D7045641-B33E-488C-B7AC-827BF262C21C}.Release|Any CPU.ActiveCfg = Release|Any CPU
		{D7045641-B33E-488C-B7AC-827BF262C21C}.Release|Any CPU.Build.0 = Release|Any CPU
	EndGlobalSection
	GlobalSection(SolutionProperties) = preSolution
		HideSolutionNode = FALSE
	EndGlobalSection
	GlobalSection(ExtensibilityGlobals) = postSolution
		SolutionGuid = {F5A72168-3ED1-4FB6-AF35-9A5A94B22806}
	EndGlobalSection
EndGlobal
